
Microsoft Visual Studio Solution File, Format Version 12.00
# Visual Studio 15
VisualStudioVersion = 15.0.28307.271
MinimumVisualStudioVersion = 10.0.40219.1
Project("{FAE04EC0-301F-11D3-BF4B-00C04F79EFBC}") = "Interation7And8", "Interation7And8.csproj", "{C666BFBF-7D33-45C4-A3B8-6E21404F4D66}"
EndProject
Project("{FAE04EC0-301F-11D3-BF4B-00C04F79EFBC}") = "Interation7And8Tests", "..\CaseStudy2Tests\Interation7And8Tests.csproj", "{E42217BB-2EAA-48FE-8D5F-E671D77FB781}"
EndProject
Global
	GlobalSection(SolutionConfigurationPlatforms) = preSolution
		Debug|Any CPU = Debug|Any CPU
		Release|Any CPU = Release|Any CPU
	EndGlobalSection
	GlobalSection(ProjectConfigurationPlatforms) = postSolution
		{C666BFBF-7D33-45C4-A3B8-6E21404F4D66}.Debug|Any CPU.ActiveCfg = Debug|Any CPU
		{C666BFBF-7D33-45C4-A3B8-6E21404F4D66}.Debug|Any CPU.Build.0 = Debug|Any CPU
		{C666BFBF-7D33-45C4-A3B8-6E21404F4D66}.Release|Any CPU.ActiveCfg = Release|Any CPU
		{C666BFBF-7D33-45C4-A3B8-6E21404F4D66}.Release|Any CPU.Build.0 = Release|Any CPU
		{E42217BB-2EAA-48FE-8D5F-E671D77FB781}.Debug|Any CPU.ActiveCfg = Debug|Any CPU
		{E42217BB-2EAA-48FE-8D5F-E671D77FB781}.Debug|Any CPU.Build.0 = Debug|Any CPU
		{E42217BB-2EAA-48FE-8D5F-E671D77FB781}.Release|Any CPU.ActiveCfg = Release|Any CPU
		{E42217BB-2EAA-48FE-8D5F-E671D77FB781}.Release|Any CPU.Build.0 = Release|Any CPU
	EndGlobalSection
	GlobalSection(SolutionProperties) = preSolution
		HideSolutionNode = FALSE
	EndGlobalSection
	GlobalSection(ExtensibilityGlobals) = postSolution
		SolutionGuid = {2B0C2EB0-B18A-4C94-9CC1-0187735FE6C3}
	EndGlobalSection
EndGlobal
